
Microsoft Visual Studio Solution File, Format Version 12.00
Project("{FAE04EC0-301F-11D3-BF4B-00C04F79EFBC}") = "Day1", "Day1\Day1.csproj", "{86A20969-6F4E-4BB3-9742-E8744E60B2A4}"
EndProject
Project("{FAE04EC0-301F-11D3-BF4B-00C04F79EFBC}") = "Day2", "Day2\Day2.csproj", "{DA59BB75-C60A-4B25-86CD-8713BF9CC866}"
EndProject
Global
	GlobalSection(SolutionConfigurationPlatforms) = preSolution
		Debug|Any CPU = Debug|Any CPU
		Release|Any CPU = Release|Any CPU
	EndGlobalSection
	GlobalSection(ProjectConfigurationPlatforms) = postSolution
		{86A20969-6F4E-4BB3-9742-E8744E60B2A4}.Debug|Any CPU.ActiveCfg = Debug|Any CPU
		{86A20969-6F4E-4BB3-9742-E8744E60B2A4}.Debug|Any CPU.Build.0 = Debug|Any CPU
		{86A20969-6F4E-4BB3-9742-E8744E60B2A4}.Release|Any CPU.ActiveCfg = Release|Any CPU
		{86A20969-6F4E-4BB3-9742-E8744E60B2A4}.Release|Any CPU.Build.0 = Release|Any CPU
		{DA59BB75-C60A-4B25-86CD-8713BF9CC866}.Debug|Any CPU.ActiveCfg = Debug|Any CPU
		{DA59BB75-C60A-4B25-86CD-8713BF9CC866}.Debug|Any CPU.Build.0 = Debug|Any CPU
		{DA59BB75-C60A-4B25-86CD-8713BF9CC866}.Release|Any CPU.ActiveCfg = Release|Any CPU
		{DA59BB75-C60A-4B25-86CD-8713BF9CC866}.Release|Any CPU.Build.0 = Release|Any CPU
	EndGlobalSection
EndGlobal
